
Microsoft Visual Studio Solution File, Format Version 12.00
# Visual Studio Version 16
VisualStudioVersion = 16.0.31229.75
MinimumVisualStudioVersion = 10.0.40219.1
Project("{8BC9CEB8-8B4A-11D0-8D11-00A0C91BC942}") = "M0", "M0\M0.vcxproj", "{5A30CDD3-2BDA-4C63-9106-30AF6683CAAF}"
EndProject
Project("{8BC9CEB8-8B4A-11D0-8D11-00A0C91BC942}") = "M1", "M1\M1.vcxproj", "{E46FB596-7F45-432E-8CCE-DADB6D9DA843}"
EndProject
Project("{8BC9CEB8-8B4A-11D0-8D11-00A0C91BC942}") = "M2", "M2\M2.vcxproj", "{EFC231F5-C988-4EBD-8A32-9ED1D5E03821}"
EndProject
Project("{8BC9CEB8-8B4A-11D0-8D11-00A0C91BC942}") = "M3", "M3\M3.vcxproj", "{3620049A-D30E-40E5-943C-D1D98873A4AC}"
EndProject
Global
	GlobalSection(SolutionConfigurationPlatforms) = preSolution
		Debug|x64 = Debug|x64
		Debug|x86 = Debug|x86
		Release|x64 = Release|x64
		Release|x86 = Release|x86
	EndGlobalSection
	GlobalSection(ProjectConfigurationPlatforms) = postSolution
		{5A30CDD3-2BDA-4C63-9106-30AF6683CAAF}.Debug|x64.ActiveCfg = Debug|x64
		{5A30CDD3-2BDA-4C63-9106-30AF6683CAAF}.Debug|x64.Build.0 = Debug|x64
		{5A30CDD3-2BDA-4C63-9106-30AF6683CAAF}.Debug|x86.ActiveCfg = Debug|Win32
		{5A30CDD3-2BDA-4C63-9106-30AF6683CAAF}.Debug|x86.Build.0 = Debug|Win32
		{5A30CDD3-2BDA-4C63-9106-30AF6683CAAF}.Release|x64.ActiveCfg = Release|x64
		{5A30CDD3-2BDA-4C63-9106-30AF6683CAAF}.Release|x64.Build.0 = Release|x64
		{5A30CDD3-2BDA-4C63-9106-30AF6683CAAF}.Release|x86.ActiveCfg = Release|Win32
		{5A30CDD3-2BDA-4C63-9106-30AF6683CAAF}.Release|x86.Build.0 = Release|Win32
		{E46FB596-7F45-432E-8CCE-DADB6D9DA843}.Debug|x64.ActiveCfg = Debug|x64
		{E46FB596-7F45-432E-8CCE-DADB6D9DA843}.Debug|x64.Build.0 = Debug|x64
		{E46FB596-7F45-432E-8CCE-DADB6D9DA843}.Debug|x86.ActiveCfg = Debug|Win32
		{E46FB596-7F45-432E-8CCE-DADB6D9DA843}.Debug|x86.Build.0 = Debug|Win32
		{E46FB596-7F45-432E-8CCE-DADB6D9DA843}.Release|x64.ActiveCfg = Release|x64
		{E46FB596-7F45-432E-8CCE-DADB6D9DA843}.Release|x64.Build.0 = Release|x64
		{E46FB596-7F45-432E-8CCE-DADB6D9DA843}.Release|x86.ActiveCfg = Release|Win32
		{E46FB596-7F45-432E-8CCE-DADB6D9DA843}.Release|x86.Build.0 = Release|Win32
		{EFC231F5-C988-4EBD-8A32-9ED1D5E03821}.Debug|x64.ActiveCfg = Debug|x64
		{EFC231F5-C988-4EBD-8A32-9ED1D5E03821}.Debug|x64.Build.0 = Debug|x64
		{EFC231F5-C988-4EBD-8A32-9ED1D5E03821}.Debug|x86.ActiveCfg = Debug|Win32
		{EFC231F5-C988-4EBD-8A32-9ED1D5E03821}.Debug|x86.Build.0 = Debug|Win32
		{EFC231F5-C988-4EBD-8A32-9ED1D5E03821}.Release|x64.ActiveCfg = Release|x64
		{EFC231F5-C988-4EBD-8A32-9ED1D5E03821}.Release|x64.Build.0 = Release|x64
		{EFC231F5-C988-4EBD-8A32-9ED1D5E03821}.Release|x86.ActiveCfg = Release|Win32
		{EFC231F5-C988-4EBD-8A32-9ED1D5E03821}.Release|x86.Build.0 = Release|Win32
		{3620049A-D30E-40E5-943C-D1D98873A4AC}.Debug|x64.ActiveCfg = Debug|x64
		{3620049A-D30E-40E5-943C-D1D98873A4AC}.Debug|x64.Build.0 = Debug|x64
		{3620049A-D30E-40E5-943C-D1D98873A4AC}.Debug|x86.ActiveCfg = Debug|Win32
		{3620049A-D30E-40E5-943C-D1D98873A4AC}.Debug|x86.Build.0 = Debug|Win32
		{3620049A-D30E-40E5-943C-D1D98873A4AC}.Release|x64.ActiveCfg = Release|x64
		{3620049A-D30E-40E5-943C-D1D98873A4AC}.Release|x64.Build.0 = Release|x64
		{3620049A-D30E-40E5-943C-D1D98873A4AC}.Release|x86.ActiveCfg = Release|Win32
		{3620049A-D30E-40E5-943C-D1D98873A4AC}.Release|x86.Build.0 = Release|Win32
	EndGlobalSection
	GlobalSection(SolutionProperties) = preSolution
		HideSolutionNode = FALSE
	EndGlobalSection
	GlobalSection(ExtensibilityGlobals) = postSolution
		SolutionGuid = {E75D55DA-EC5B-4B3F-8D3E-F79B9682BC26}
	EndGlobalSection
EndGlobal
